
Microsoft Visual Studio Solution File, Format Version 12.00
# Visual Studio 15
VisualStudioVersion = 15.0.28307.168
MinimumVisualStudioVersion = 10.0.40219.1
Project("{FAE04EC0-301F-11D3-BF4B-00C04F79EFBC}") = "XF_CheckBox.Android", "XF_CheckBox\XF_CheckBox.Android\XF_CheckBox.Android.csproj", "{21DF1631-1ED8-4EEA-B35F-18FA9A7CF5CE}"
EndProject
Project("{FAE04EC0-301F-11D3-BF4B-00C04F79EFBC}") = "XF_CheckBox.iOS", "XF_CheckBox\XF_CheckBox.iOS\XF_CheckBox.iOS.csproj", "{8E17622A-FEB5-4ECE-A8EB-5B622102F657}"
EndProject
Project("{FAE04EC0-301F-11D3-BF4B-00C04F79EFBC}") = "XF_CheckBox.UWP", "XF_CheckBox\XF_CheckBox.UWP\XF_CheckBox.UWP.csproj", "{61927148-11FB-4F1B-B745-E328BCD7039B}"
EndProject
Project("{FAE04EC0-301F-11D3-BF4B-00C04F79EFBC}") = "XF_CheckBox", "XF_CheckBox\XF_CheckBox\XF_CheckBox.csproj", "{2F4BA0E6-8643-4A63-89CD-634B3A4A4634}"
EndProject
Global
	GlobalSection(SolutionConfigurationPlatforms) = preSolution
		Ad-Hoc|Any CPU = Ad-Hoc|Any CPU
		Ad-Hoc|ARM = Ad-Hoc|ARM
		Ad-Hoc|iPhone = Ad-Hoc|iPhone
		Ad-Hoc|iPhoneSimulator = Ad-Hoc|iPhoneSimulator
		Ad-Hoc|x64 = Ad-Hoc|x64
		Ad-Hoc|x86 = Ad-Hoc|x86
		AppStore|Any CPU = AppStore|Any CPU
		AppStore|ARM = AppStore|ARM
		AppStore|iPhone = AppStore|iPhone
		AppStore|iPhoneSimulator = AppStore|iPhoneSimulator
		AppStore|x64 = AppStore|x64
		AppStore|x86 = AppStore|x86
		Debug|Any CPU = Debug|Any CPU
		Debug|ARM = Debug|ARM
		Debug|iPhone = Debug|iPhone
		Debug|iPhoneSimulator = Debug|iPhoneSimulator
		Debug|x64 = Debug|x64
		Debug|x86 = Debug|x86
		Release|Any CPU = Release|Any CPU
		Release|ARM = Release|ARM
		Release|iPhone = Release|iPhone
		Release|iPhoneSimulator = Release|iPhoneSimulator
		Release|x64 = Release|x64
		Release|x86 = Release|x86
	EndGlobalSection
	GlobalSection(ProjectConfigurationPlatforms) = postSolution
		{21DF1631-1ED8-4EEA-B35F-18FA9A7CF5CE}.Ad-Hoc|Any CPU.ActiveCfg = Release|Any CPU
		{21DF1631-1ED8-4EEA-B35F-18FA9A7CF5CE}.Ad-Hoc|Any CPU.Build.0 = Release|Any CPU
		{21DF1631-1ED8-4EEA-B35F-18FA9A7CF5CE}.Ad-Hoc|Any CPU.Deploy.0 = Release|Any CPU
		{21DF1631-1ED8-4EEA-B35F-18FA9A7CF5CE}.Ad-Hoc|ARM.ActiveCfg = Release|Any CPU
		{21DF1631-1ED8-4EEA-B35F-18FA9A7CF5CE}.Ad-Hoc|ARM.Build.0 = Release|Any CPU
		{21DF1631-1ED8-4EEA-B35F-18FA9A7CF5CE}.Ad-Hoc|ARM.Deploy.0 = Release|Any CPU
		{21DF1631-1ED8-4EEA-B35F-18FA9A7CF5CE}.Ad-Hoc|iPhone.ActiveCfg = Release|Any CPU
		{21DF1631-1ED8-4EEA-B35F-18FA9A7CF5CE}.Ad-Hoc|iPhone.Build.0 = Release|Any CPU
		{21DF1631-1ED8-4EEA-B35F-18FA9A7CF5CE}.Ad-Hoc|iPhone.Deploy.0 = Release|Any CPU
		{21DF1631-1ED8-4EEA-B35F-18FA9A7CF5CE}.Ad-Hoc|iPhoneSimulator.ActiveCfg = Release|Any CPU
		{21DF1631-1ED8-4EEA-B35F-18FA9A7CF5CE}.Ad-Hoc|iPhoneSimulator.Build.0 = Release|Any CPU
		{21DF1631-1ED8-4EEA-B35F-18FA9A7CF5CE}.Ad-Hoc|iPhoneSimulator.Deploy.0 = Release|Any CPU
		{21DF1631-1ED8-4EEA-B35F-18FA9A7CF5CE}.Ad-Hoc|x64.ActiveCfg = Release|Any CPU
		{21DF1631-1ED8-4EEA-B35F-18FA9A7CF5CE}.Ad-Hoc|x64.Build.0 = Release|Any CPU
		{21DF1631-1ED8-4EEA-B35F-18FA9A7CF5CE}.Ad-Hoc|x64.Deploy.0 = Release|Any CPU
		{21DF1631-1ED8-4EEA-B35F-18FA9A7CF5CE}.Ad-Hoc|x86.ActiveCfg = Release|Any CPU
		{21DF1631-1ED8-4EEA-B35F-18FA9A7CF5CE}.Ad-Hoc|x86.Build.0 = Release|Any CPU
		{21DF1631-1ED8-4EEA-B35F-18FA9A7CF5CE}.Ad-Hoc|x86.Deploy.0 = Release|Any CPU
		{21DF1631-1ED8-4EEA-B35F-18FA9A7CF5CE}.AppStore|Any CPU.ActiveCfg = Release|Any CPU
		{21DF1631-1ED8-4EEA-B35F-18FA9A7CF5CE}.AppStore|Any CPU.Build.0 = Release|Any CPU
		{21DF1631-1ED8-4EEA-B35F-18FA9A7CF5CE}.AppStore|Any CPU.Deploy.0 = Release|Any CPU
		{21DF1631-1ED8-4EEA-B35F-18FA9A7CF5CE}.AppStore|ARM.ActiveCfg = Release|Any CPU
		{21DF1631-1ED8-4EEA-B35F-18FA9A7CF5CE}.AppStore|ARM.Build.0 = Release|Any CPU
		{21DF1631-1ED8-4EEA-B35F-18FA9A7CF5CE}.AppStore|ARM.Deploy.0 = Release|Any CPU
		{21DF1631-1ED8-4EEA-B35F-18FA9A7CF5CE}.AppStore|iPhone.ActiveCfg = Release|Any CPU
		{21DF1631-1ED8-4EEA-B35F-18FA9A7CF5CE}.AppStore|iPhone.Build.0 = Release|Any CPU
		{21DF1631-1ED8-4EEA-B35F-18FA9A7CF5CE}.AppStore|iPhone.Deploy.0 = Release|Any CPU
		{21DF1631-1ED8-4EEA-B35F-18FA9A7CF5CE}.AppStore|iPhoneSimulator.ActiveCfg = Release|Any CPU
		{21DF1631-1ED8-4EEA-B35F-18FA9A7CF5CE}.AppStore|iPhoneSimulator.Build.0 = Release|Any CPU
		{21DF1631-1ED8-4EEA-B35F-18FA9A7CF5CE}.AppStore|iPhoneSimulator.Deploy.0 = Release|Any CPU
		{21DF1631-1ED8-4EEA-B35F-18FA9A7CF5CE}.AppStore|x64.ActiveCfg = Release|Any CPU
		{21DF1631-1ED8-4EEA-B35F-18FA9A7CF5CE}.AppStore|x64.Build.0 = Release|Any CPU
		{21DF1631-1ED8-4EEA-B35F-18FA9A7CF5CE}.AppStore|x64.Deploy.0 = Release|Any CPU
		{21DF1631-1ED8-4EEA-B35F-18FA9A7CF5CE}.AppStore|x86.ActiveCfg = Release|Any CPU
		{21DF1631-1ED8-4EEA-B35F-18FA9A7CF5CE}.AppStore|x86.Build.0 = Release|Any CPU
		{21DF1631-1ED8-4EEA-B35F-18FA9A7CF5CE}.AppStore|x86.Deploy.0 = Release|Any CPU
		{21DF1631-1ED8-4EEA-B35F-18FA9A7CF5CE}.Debug|Any CPU.ActiveCfg = Debug|Any CPU
		{21DF1631-1ED8-4EEA-B35F-18FA9A7CF5CE}.Debug|Any CPU.Build.0 = Debug|Any CPU
		{21DF1631-1ED8-4EEA-B35F-18FA9A7CF5CE}.Debug|Any CPU.Deploy.0 = Debug|Any CPU
		{21DF1631-1ED8-4EEA-B35F-18FA9A7CF5CE}.Debug|ARM.ActiveCfg = Debug|Any CPU
		{21DF1631-1ED8-4EEA-B35F-18FA9A7CF5CE}.Debug|ARM.Build.0 = Debug|Any CPU
		{21DF1631-1ED8-4EEA-B35F-18FA9A7CF5CE}.Debug|ARM.Deploy.0 = Debug|Any CPU
		{21DF1631-1ED8-4EEA-B35F-18FA9A7CF5CE}.Debug|iPhone.ActiveCfg = Debug|Any CPU
		{21DF1631-1ED8-4EEA-B35F-18FA9A7CF5CE}.Debug|iPhone.Build.0 = Debug|Any CPU
		{21DF1631-1ED8-4EEA-B35F-18FA9A7CF5CE}.Debug|iPhone.Deploy.0 = Debug|Any CPU
		{21DF1631-1ED8-4EEA-B35F-18FA9A7CF5CE}.Debug|iPhoneSimulator.ActiveCfg = Debug|Any CPU
		{21DF1631-1ED8-4EEA-B35F-18FA9A7CF5CE}.Debug|iPhoneSimulator.Build.0 = Debug|Any CPU
		{21DF1631-1ED8-4EEA-B35F-18FA9A7CF5CE}.Debug|iPhoneSimulator.Deploy.0 = Debug|Any CPU
		{21DF1631-1ED8-4EEA-B35F-18FA9A7CF5CE}.Debug|x64.ActiveCfg = Debug|Any CPU
		{21DF1631-1ED8-4EEA-B35F-18FA9A7CF5CE}.Debug|x64.Build.0 = Debug|Any CPU
		{21DF1631-1ED8-4EEA-B35F-18FA9A7CF5CE}.Debug|x64.Deploy.0 = Debug|Any CPU
		{21DF1631-1ED8-4EEA-B35F-18FA9A7CF5CE}.Debug|x86.ActiveCfg = Debug|Any CPU
		{21DF1631-1ED8-4EEA-B35F-18FA9A7CF5CE}.Debug|x86.Build.0 = Debug|Any CPU
		{21DF1631-1ED8-4EEA-B35F-18FA9A7CF5CE}.Debug|x86.Deploy.0 = Debug|Any CPU
		{21DF1631-1ED8-4EEA-B35F-18FA9A7CF5CE}.Release|Any CPU.ActiveCfg = Release|Any CPU
		{21DF1631-1ED8-4EEA-B35F-18FA9A7CF5CE}.Release|Any CPU.Build.0 = Release|Any CPU
		{21DF1631-1ED8-4EEA-B35F-18FA9A7CF5CE}.Release|Any CPU.Deploy.0 = Release|Any CPU
		{21DF1631-1ED8-4EEA-B35F-18FA9A7CF5CE}.Release|ARM.ActiveCfg = Release|Any CPU
		{21DF1631-1ED8-4EEA-B35F-18FA9A7CF5CE}.Release|ARM.Build.0 = Release|Any CPU
		{21DF1631-1ED8-4EEA-B35F-18FA9A7CF5CE}.Release|ARM.Deploy.0 = Release|Any CPU
		{21DF1631-1ED8-4EEA-B35F-18FA9A7CF5CE}.Release|iPhone.ActiveCfg = Release|Any CPU
		{21DF1631-1ED8-4EEA-B35F-18FA9A7CF5CE}.Release|iPhone.Build.0 = Release|Any CPU
		{21DF1631-1ED8-4EEA-B35F-18FA9A7CF5CE}.Release|iPhone.Deploy.0 = Release|Any CPU
		{21DF1631-1ED8-4EEA-B35F-18FA9A7CF5CE}.Release|iPhoneSimulator.ActiveCfg = Release|Any CPU
		{21DF1631-1ED8-4EEA-B35F-18FA9A7CF5CE}.Release|iPhoneSimulator.Build.0 = Release|Any CPU
		{21DF1631-1ED8-4EEA-B35F-18FA9A7CF5CE}.Release|iPhoneSimulator.Deploy.0 = Release|Any CPU
		{21DF1631-1ED8-4EEA-B35F-18FA9A7CF5CE}.Release|x64.ActiveCfg = Release|Any CPU
		{21DF1631-1ED8-4EEA-B35F-18FA9A7CF5CE}.Release|x64.Build.0 = Release|Any CPU
		{21DF1631-1ED8-4EEA-B35F-18FA9A7CF5CE}.Release|x64.Deploy.0 = Release|Any CPU
		{21DF1631-1ED8-4EEA-B35F-18FA9A7CF5CE}.Release|x86.ActiveCfg = Release|Any CPU
		{21DF1631-1ED8-4EEA-B35F-18FA9A7CF5CE}.Release|x86.Build.0 = Release|Any CPU
		{21DF1631-1ED8-4EEA-B35F-18FA9A7CF5CE}.Release|x86.Deploy.0 = Release|Any CPU
		{8E17622A-FEB5-4ECE-A8EB-5B622102F657}.Ad-Hoc|Any CPU.ActiveCfg = Ad-Hoc|iPhone
		{8E17622A-FEB5-4ECE-A8EB-5B622102F657}.Ad-Hoc|Any CPU.Build.0 = Ad-Hoc|iPhone
		{8E17622A-FEB5-4ECE-A8EB-5B622102F657}.Ad-Hoc|Any CPU.Deploy.0 = Ad-Hoc|iPhone
		{8E17622A-FEB5-4ECE-A8EB-5B622102F657}.Ad-Hoc|ARM.ActiveCfg = Ad-Hoc|iPhone
		{8E17622A-FEB5-4ECE-A8EB-5B622102F657}.Ad-Hoc|ARM.Build.0 = Ad-Hoc|iPhone
		{8E17622A-FEB5-4ECE-A8EB-5B622102F657}.Ad-Hoc|ARM.Deploy.0 = Ad-Hoc|iPhone
		{8E17622A-FEB5-4ECE-A8EB-5B622102F657}.Ad-Hoc|iPhone.ActiveCfg = Ad-Hoc|iPhone
		{8E17622A-FEB5-4ECE-A8EB-5B622102F657}.Ad-Hoc|iPhone.Build.0 = Ad-Hoc|iPhone
		{8E17622A-FEB5-4ECE-A8EB-5B622102F657}.Ad-Hoc|iPhone.Deploy.0 = Ad-Hoc|iPhone
		{8E17622A-FEB5-4ECE-A8EB-5B622102F657}.Ad-Hoc|iPhoneSimulator.ActiveCfg = Ad-Hoc|iPhoneSimulator
		{8E17622A-FEB5-4ECE-A8EB-5B622102F657}.Ad-Hoc|iPhoneSimulator.Build.0 = Ad-Hoc|iPhoneSimulator
		{8E17622A-FEB5-4ECE-A8EB-5B622102F657}.Ad-Hoc|iPhoneSimulator.Deploy.0 = Ad-Hoc|iPhoneSimulator
		{8E17622A-FEB5-4ECE-A8EB-5B622102F657}.Ad-Hoc|x64.ActiveCfg = Ad-Hoc|iPhone
		{8E17622A-FEB5-4ECE-A8EB-5B622102F657}.Ad-Hoc|x64.Build.0 = Ad-Hoc|iPhone
		{8E17622A-FEB5-4ECE-A8EB-5B622102F657}.Ad-Hoc|x64.Deploy.0 = Ad-Hoc|iPhone
		{8E17622A-FEB5-4ECE-A8EB-5B622102F657}.Ad-Hoc|x86.ActiveCfg = Ad-Hoc|iPhone
		{8E17622A-FEB5-4ECE-A8EB-5B622102F657}.Ad-Hoc|x86.Build.0 = Ad-Hoc|iPhone
		{8E17622A-FEB5-4ECE-A8EB-5B622102F657}.Ad-Hoc|x86.Deploy.0 = Ad-Hoc|iPhone
		{8E17622A-FEB5-4ECE-A8EB-5B622102F657}.AppStore|Any CPU.ActiveCfg = AppStore|iPhone
		{8E17622A-FEB5-4ECE-A8EB-5B622102F657}.AppStore|Any CPU.Build.0 = AppStore|iPhone
		{8E17622A-FEB5-4ECE-A8EB-5B622102F657}.AppStore|Any CPU.Deploy.0 = AppStore|iPhone
		{8E17622A-FEB5-4ECE-A8EB-5B622102F657}.AppStore|ARM.ActiveCfg = AppStore|iPhone
		{8E17622A-FEB5-4ECE-A8EB-5B622102F657}.AppStore|ARM.Build.0 = AppStore|iPhone
		{8E17622A-FEB5-4ECE-A8EB-5B622102F657}.AppStore|ARM.Deploy.0 = AppStore|iPhone
		{8E17622A-FEB5-4ECE-A8EB-5B622102F657}.AppStore|iPhone.ActiveCfg = AppStore|iPhone
		{8E17622A-FEB5-4ECE-A8EB-5B622102F657}.AppStore|iPhone.Build.0 = AppStore|iPhone
		{8E17622A-FEB5-4ECE-A8EB-5B622102F657}.AppStore|iPhone.Deploy.0 = AppStore|iPhone
		{8E17622A-FEB5-4ECE-A8EB-5B622102F657}.AppStore|iPhoneSimulator.ActiveCfg = AppStore|iPhoneSimulator
		{8E17622A-FEB5-4ECE-A8EB-5B622102F657}.AppStore|iPhoneSimulator.Build.0 = AppStore|iPhoneSimulator
		{8E17622A-FEB5-4ECE-A8EB-5B622102F657}.AppStore|iPhoneSimulator.Deploy.0 = AppStore|iPhoneSimulator
		{8E17622A-FEB5-4ECE-A8EB-5B622102F657}.AppStore|x64.ActiveCfg = AppStore|iPhone
		{8E17622A-FEB5-4ECE-A8EB-5B622102F657}.AppStore|x64.Build.0 = AppStore|iPhone
		{8E17622A-FEB5-4ECE-A8EB-5B622102F657}.AppStore|x64.Deploy.0 = AppStore|iPhone
		{8E17622A-FEB5-4ECE-A8EB-5B622102F657}.AppStore|x86.ActiveCfg = AppStore|iPhone
		{8E17622A-FEB5-4ECE-A8EB-5B622102F657}.AppStore|x86.Build.0 = AppStore|iPhone
		{8E17622A-FEB5-4ECE-A8EB-5B622102F657}.AppStore|x86.Deploy.0 = AppStore|iPhone
		{8E17622A-FEB5-4ECE-A8EB-5B622102F657}.Debug|Any CPU.ActiveCfg = Debug|iPhoneSimulator
		{8E17622A-FEB5-4ECE-A8EB-5B622102F657}.Debug|Any CPU.Build.0 = Debug|iPhoneSimulator
		{8E17622A-FEB5-4ECE-A8EB-5B622102F657}.Debug|Any CPU.Deploy.0 = Debug|iPhoneSimulator
		{8E17622A-FEB5-4ECE-A8EB-5B622102F657}.Debug|ARM.ActiveCfg = Debug|iPhone
		{8E17622A-FEB5-4ECE-A8EB-5B622102F657}.Debug|ARM.Build.0 = Debug|iPhone
		{8E17622A-FEB5-4ECE-A8EB-5B622102F657}.Debug|ARM.Deploy.0 = Debug|iPhone
		{8E17622A-FEB5-4ECE-A8EB-5B622102F657}.Debug|iPhone.ActiveCfg = Debug|iPhone
		{8E17622A-FEB5-4ECE-A8EB-5B622102F657}.Debug|iPhone.Build.0 = Debug|iPhone
		{8E17622A-FEB5-4ECE-A8EB-5B622102F657}.Debug|iPhone.Deploy.0 = Debug|iPhone
		{8E17622A-FEB5-4ECE-A8EB-5B622102F657}.Debug|iPhoneSimulator.ActiveCfg = Debug|iPhoneSimulator
		{8E17622A-FEB5-4ECE-A8EB-5B622102F657}.Debug|iPhoneSimulator.Build.0 = Debug|iPhoneSimulator
		{8E17622A-FEB5-4ECE-A8EB-5B622102F657}.Debug|iPhoneSimulator.Deploy.0 = Debug|iPhoneSimulator
		{8E17622A-FEB5-4ECE-A8EB-5B622102F657}.Debug|x64.ActiveCfg = Debug|iPhone
		{8E17622A-FEB5-4ECE-A8EB-5B622102F657}.Debug|x64.Build.0 = Debug|iPhone
		{8E17622A-FEB5-4ECE-A8EB-5B622102F657}.Debug|x64.Deploy.0 = Debug|iPhone
		{8E17622A-FEB5-4ECE-A8EB-5B622102F657}.Debug|x86.ActiveCfg = Debug|iPhone
		{8E17622A-FEB5-4ECE-A8EB-5B622102F657}.Debug|x86.Build.0 = Debug|iPhone
		{8E17622A-FEB5-4ECE-A8EB-5B622102F657}.Debug|x86.Deploy.0 = Debug|iPhone
		{8E17622A-FEB5-4ECE-A8EB-5B622102F657}.Release|Any CPU.ActiveCfg = Release|iPhone
		{8E17622A-FEB5-4ECE-A8EB-5B622102F657}.Release|Any CPU.Build.0 = Release|iPhone
		{8E17622A-FEB5-4ECE-A8EB-5B622102F657}.Release|Any CPU.Deploy.0 = Release|iPhone
		{8E17622A-FEB5-4ECE-A8EB-5B622102F657}.Release|ARM.ActiveCfg = Release|iPhone
		{8E17622A-FEB5-4ECE-A8EB-5B622102F657}.Release|ARM.Build.0 = Release|iPhone
		{8E17622A-FEB5-4ECE-A8EB-5B622102F657}.Release|ARM.Deploy.0 = Release|iPhone
		{8E17622A-FEB5-4ECE-A8EB-5B622102F657}.Release|iPhone.ActiveCfg = Release|iPhone
		{8E17622A-FEB5-4ECE-A8EB-5B622102F657}.Release|iPhone.Build.0 = Release|iPhone
		{8E17622A-FEB5-4ECE-A8EB-5B622102F657}.Release|iPhone.Deploy.0 = Release|iPhone
		{8E17622A-FEB5-4ECE-A8EB-5B622102F657}.Release|iPhoneSimulator.ActiveCfg = Release|iPhoneSimulator
		{8E17622A-FEB5-4ECE-A8EB-5B622102F657}.Release|iPhoneSimulator.Build.0 = Release|iPhoneSimulator
		{8E17622A-FEB5-4ECE-A8EB-5B622102F657}.Release|iPhoneSimulator.Deploy.0 = Release|iPhoneSimulator
		{8E17622A-FEB5-4ECE-A8EB-5B622102F657}.Release|x64.ActiveCfg = Release|iPhone
		{8E17622A-FEB5-4ECE-A8EB-5B622102F657}.Release|x64.Build.0 = Release|iPhone
		{8E17622A-FEB5-4ECE-A8EB-5B622102F657}.Release|x64.Deploy.0 = Release|iPhone
		{8E17622A-FEB5-4ECE-A8EB-5B622102F657}.Release|x86.ActiveCfg = Release|iPhone
		{8E17622A-FEB5-4ECE-A8EB-5B622102F657}.Release|x86.Build.0 = Release|iPhone
		{8E17622A-FEB5-4ECE-A8EB-5B622102F657}.Release|x86.Deploy.0 = Release|iPhone
		{61927148-11FB-4F1B-B745-E328BCD7039B}.Ad-Hoc|Any CPU.ActiveCfg = Release|x86
		{61927148-11FB-4F1B-B745-E328BCD7039B}.Ad-Hoc|Any CPU.Build.0 = Release|x86
		{61927148-11FB-4F1B-B745-E328BCD7039B}.Ad-Hoc|Any CPU.Deploy.0 = Release|x86
		{61927148-11FB-4F1B-B745-E328BCD7039B}.Ad-Hoc|ARM.ActiveCfg = Release|ARM
		{61927148-11FB-4F1B-B745-E328BCD7039B}.Ad-Hoc|ARM.Build.0 = Release|ARM
		{61927148-11FB-4F1B-B745-E328BCD7039B}.Ad-Hoc|ARM.Deploy.0 = Release|ARM
		{61927148-11FB-4F1B-B745-E328BCD7039B}.Ad-Hoc|iPhone.ActiveCfg = Release|x86
		{61927148-11FB-4F1B-B745-E328BCD7039B}.Ad-Hoc|iPhone.Build.0 = Release|x86
		{61927148-11FB-4F1B-B745-E328BCD7039B}.Ad-Hoc|iPhone.Deploy.0 = Release|x86
		{61927148-11FB-4F1B-B745-E328BCD7039B}.Ad-Hoc|iPhoneSimulator.ActiveCfg = Release|x86
		{61927148-11FB-4F1B-B745-E328BCD7039B}.Ad-Hoc|iPhoneSimulator.Build.0 = Release|x86
		{61927148-11FB-4F1B-B745-E328BCD7039B}.Ad-Hoc|iPhoneSimulator.Deploy.0 = Release|x86
		{61927148-11FB-4F1B-B745-E328BCD7039B}.Ad-Hoc|x64.ActiveCfg = Release|x64
		{61927148-11FB-4F1B-B745-E328BCD7039B}.Ad-Hoc|x64.Build.0 = Release|x64
		{61927148-11FB-4F1B-B745-E328BCD7039B}.Ad-Hoc|x64.Deploy.0 = Release|x64
		{61927148-11FB-4F1B-B745-E328BCD7039B}.Ad-Hoc|x86.ActiveCfg = Release|x86
		{61927148-11FB-4F1B-B745-E328BCD7039B}.Ad-Hoc|x86.Build.0 = Release|x86
		{61927148-11FB-4F1B-B745-E328BCD7039B}.Ad-Hoc|x86.Deploy.0 = Release|x86
		{61927148-11FB-4F1B-B745-E328BCD7039B}.AppStore|Any CPU.ActiveCfg = Release|x86
		{61927148-11FB-4F1B-B745-E328BCD7039B}.AppStore|Any CPU.Build.0 = Release|x86
		{61927148-11FB-4F1B-B745-E328BCD7039B}.AppStore|Any CPU.Deploy.0 = Release|x86
		{61927148-11FB-4F1B-B745-E328BCD7039B}.AppStore|ARM.ActiveCfg = Release|ARM
		{61927148-11FB-4F1B-B745-E328BCD7039B}.AppStore|ARM.Build.0 = Release|ARM
		{61927148-11FB-4F1B-B745-E328BCD7039B}.AppStore|ARM.Deploy.0 = Release|ARM
		{61927148-11FB-4F1B-B745-E328BCD7039B}.AppStore|iPhone.ActiveCfg = Release|x86
		{61927148-11FB-4F1B-B745-E328BCD7039B}.AppStore|iPhone.Build.0 = Release|x86
		{61927148-11FB-4F1B-B745-E328BCD7039B}.AppStore|iPhone.Deploy.0 = Release|x86
		{61927148-11FB-4F1B-B745-E328BCD7039B}.AppStore|iPhoneSimulator.ActiveCfg = Release|x86
		{61927148-11FB-4F1B-B745-E328BCD7039B}.AppStore|iPhoneSimulator.Build.0 = Release|x86
		{61927148-11FB-4F1B-B745-E328BCD7039B}.AppStore|iPhoneSimulator.Deploy.0 = Release|x86
		{61927148-11FB-4F1B-B745-E328BCD7039B}.AppStore|x64.ActiveCfg = Release|x64
		{61927148-11FB-4F1B-B745-E328BCD7039B}.AppStore|x64.Build.0 = Release|x64
		{61927148-11FB-4F1B-B745-E328BCD7039B}.AppStore|x64.Deploy.0 = Release|x64
		{61927148-11FB-4F1B-B745-E328BCD7039B}.AppStore|x86.ActiveCfg = Release|x86
		{61927148-11FB-4F1B-B745-E328BCD7039B}.AppStore|x86.Build.0 = Release|x86
		{61927148-11FB-4F1B-B745-E328BCD7039B}.AppStore|x86.Deploy.0 = Release|x86
		{61927148-11FB-4F1B-B745-E328BCD7039B}.Debug|Any CPU.ActiveCfg = Debug|x86
		{61927148-11FB-4F1B-B745-E328BCD7039B}.Debug|Any CPU.Build.0 = Debug|x86
		{61927148-11FB-4F1B-B745-E328BCD7039B}.Debug|Any CPU.Deploy.0 = Debug|x86
		{61927148-11FB-4F1B-B745-E328BCD7039B}.Debug|ARM.ActiveCfg = Debug|ARM
		{61927148-11FB-4F1B-B745-E328BCD7039B}.Debug|ARM.Build.0 = Debug|ARM
		{61927148-11FB-4F1B-B745-E328BCD7039B}.Debug|ARM.Deploy.0 = Debug|ARM
		{61927148-11FB-4F1B-B745-E328BCD7039B}.Debug|iPhone.ActiveCfg = Debug|x86
		{61927148-11FB-4F1B-B745-E328BCD7039B}.Debug|iPhone.Build.0 = Debug|x86
		{61927148-11FB-4F1B-B745-E328BCD7039B}.Debug|iPhone.Deploy.0 = Debug|x86
		{61927148-11FB-4F1B-B745-E328BCD7039B}.Debug|iPhoneSimulator.ActiveCfg = Debug|x86
		{61927148-11FB-4F1B-B745-E328BCD7039B}.Debug|iPhoneSimulator.Build.0 = Debug|x86
		{61927148-11FB-4F1B-B745-E328BCD7039B}.Debug|iPhoneSimulator.Deploy.0 = Debug|x86
		{61927148-11FB-4F1B-B745-E328BCD7039B}.Debug|x64.ActiveCfg = Debug|x64
		{61927148-11FB-4F1B-B745-E328BCD7039B}.Debug|x64.Build.0 = Debug|x64
		{61927148-11FB-4F1B-B745-E328BCD7039B}.Debug|x64.Deploy.0 = Debug|x64
		{61927148-11FB-4F1B-B745-E328BCD7039B}.Debug|x86.ActiveCfg = Debug|x86
		{61927148-11FB-4F1B-B745-E328BCD7039B}.Debug|x86.Build.0 = Debug|x86
		{61927148-11FB-4F1B-B745-E328BCD7039B}.Debug|x86.Deploy.0 = Debug|x86
		{61927148-11FB-4F1B-B745-E328BCD7039B}.Release|Any CPU.ActiveCfg = Release|x86
		{61927148-11FB-4F1B-B745-E328BCD7039B}.Release|Any CPU.Build.0 = Release|x86
		{61927148-11FB-4F1B-B745-E328BCD7039B}.Release|Any CPU.Deploy.0 = Release|x86
		{61927148-11FB-4F1B-B745-E328BCD7039B}.Release|ARM.ActiveCfg = Release|ARM
		{61927148-11FB-4F1B-B745-E328BCD7039B}.Release|ARM.Build.0 = Release|ARM
		{61927148-11FB-4F1B-B745-E328BCD7039B}.Release|ARM.Deploy.0 = Release|ARM
		{61927148-11FB-4F1B-B745-E328BCD7039B}.Release|iPhone.ActiveCfg = Release|x86
		{61927148-11FB-4F1B-B745-E328BCD7039B}.Release|iPhone.Build.0 = Release|x86
		{61927148-11FB-4F1B-B745-E328BCD7039B}.Release|iPhone.Deploy.0 = Release|x86
		{61927148-11FB-4F1B-B745-E328BCD7039B}.Release|iPhoneSimulator.ActiveCfg = Release|x86
		{61927148-11FB-4F1B-B745-E328BCD7039B}.Release|iPhoneSimulator.Build.0 = Release|x86
		{61927148-11FB-4F1B-B745-E328BCD7039B}.Release|iPhoneSimulator.Deploy.0 = Release|x86
		{61927148-11FB-4F1B-B745-E328BCD7039B}.Release|x64.ActiveCfg = Release|x64
		{61927148-11FB-4F1B-B745-E328BCD7039B}.Release|x64.Build.0 = Release|x64
		{61927148-11FB-4F1B-B745-E328BCD7039B}.Release|x64.Deploy.0 = Release|x64
		{61927148-11FB-4F1B-B745-E328BCD7039B}.Release|x86.ActiveCfg = Release|x86
		{61927148-11FB-4F1B-B745-E328BCD7039B}.Release|x86.Build.0 = Release|x86
		{61927148-11FB-4F1B-B745-E328BCD7039B}.Release|x86.Deploy.0 = Release|x86
		{2F4BA0E6-8643-4A63-89CD-634B3A4A4634}.Ad-Hoc|Any CPU.ActiveCfg = Debug|Any CPU
		{2F4BA0E6-8643-4A63-89CD-634B3A4A4634}.Ad-Hoc|Any CPU.Build.0 = Debug|Any CPU
		{2F4BA0E6-8643-4A63-89CD-634B3A4A4634}.Ad-Hoc|Any CPU.Deploy.0 = Debug|Any CPU
		{2F4BA0E6-8643-4A63-89CD-634B3A4A4634}.Ad-Hoc|ARM.ActiveCfg = Debug|Any CPU
		{2F4BA0E6-8643-4A63-89CD-634B3A4A4634}.Ad-Hoc|ARM.Build.0 = Debug|Any CPU
		{2F4BA0E6-8643-4A63-89CD-634B3A4A4634}.Ad-Hoc|ARM.Deploy.0 = Debug|Any CPU
		{2F4BA0E6-8643-4A63-89CD-634B3A4A4634}.Ad-Hoc|iPhone.ActiveCfg = Debug|Any CPU
		{2F4BA0E6-8643-4A63-89CD-634B3A4A4634}.Ad-Hoc|iPhone.Build.0 = Debug|Any CPU
		{2F4BA0E6-8643-4A63-89CD-634B3A4A4634}.Ad-Hoc|iPhone.Deploy.0 = Debug|Any CPU
		{2F4BA0E6-8643-4A63-89CD-634B3A4A4634}.Ad-Hoc|iPhoneSimulator.ActiveCfg = Debug|Any CPU
		{2F4BA0E6-8643-4A63-89CD-634B3A4A4634}.Ad-Hoc|iPhoneSimulator.Build.0 = Debug|Any CPU
		{2F4BA0E6-8643-4A63-89CD-634B3A4A4634}.Ad-Hoc|iPhoneSimulator.Deploy.0 = Debug|Any CPU
		{2F4BA0E6-8643-4A63-89CD-634B3A4A4634}.Ad-Hoc|x64.ActiveCfg = Debug|Any CPU
		{2F4BA0E6-8643-4A63-89CD-634B3A4A4634}.Ad-Hoc|x64.Build.0 = Debug|Any CPU
		{2F4BA0E6-8643-4A63-89CD-634B3A4A4634}.Ad-Hoc|x64.Deploy.0 = Debug|Any CPU
		{2F4BA0E6-8643-4A63-89CD-634B3A4A4634}.Ad-Hoc|x86.ActiveCfg = Debug|Any CPU
		{2F4BA0E6-8643-4A63-89CD-634B3A4A4634}.Ad-Hoc|x86.Build.0 = Debug|Any CPU
		{2F4BA0E6-8643-4A63-89CD-634B3A4A4634}.Ad-Hoc|x86.Deploy.0 = Debug|Any CPU
		{2F4BA0E6-8643-4A63-89CD-634B3A4A4634}.AppStore|Any CPU.ActiveCfg = Debug|Any CPU
		{2F4BA0E6-8643-4A63-89CD-634B3A4A4634}.AppStore|Any CPU.Build.0 = Debug|Any CPU
		{2F4BA0E6-8643-4A63-89CD-634B3A4A4634}.AppStore|Any CPU.Deploy.0 = Debug|Any CPU
		{2F4BA0E6-8643-4A63-89CD-634B3A4A4634}.AppStore|ARM.ActiveCfg = Debug|Any CPU
		{2F4BA0E6-8643-4A63-89CD-634B3A4A4634}.AppStore|ARM.Build.0 = Debug|Any CPU
		{2F4BA0E6-8643-4A63-89CD-634B3A4A4634}.AppStore|ARM.Deploy.0 = Debug|Any CPU
		{2F4BA0E6-8643-4A63-89CD-634B3A4A4634}.AppStore|iPhone.ActiveCfg = Debug|Any CPU
		{2F4BA0E6-8643-4A63-89CD-634B3A4A4634}.AppStore|iPhone.Build.0 = Debug|Any CPU
		{2F4BA0E6-8643-4A63-89CD-634B3A4A4634}.AppStore|iPhone.Deploy.0 = Debug|Any CPU
		{2F4BA0E6-8643-4A63-89CD-634B3A4A4634}.AppStore|iPhoneSimulator.ActiveCfg = Debug|Any CPU
		{2F4BA0E6-8643-4A63-89CD-634B3A4A4634}.AppStore|iPhoneSimulator.Build.0 = Debug|Any CPU
		{2F4BA0E6-8643-4A63-89CD-634B3A4A4634}.AppStore|iPhoneSimulator.Deploy.0 = Debug|Any CPU
		{2F4BA0E6-8643-4A63-89CD-634B3A4A4634}.AppStore|x64.ActiveCfg = Debug|Any CPU
		{2F4BA0E6-8643-4A63-89CD-634B3A4A4634}.AppStore|x64.Build.0 = Debug|Any CPU
		{2F4BA0E6-8643-4A63-89CD-634B3A4A4634}.AppStore|x64.Deploy.0 = Debug|Any CPU
		{2F4BA0E6-8643-4A63-89CD-634B3A4A4634}.AppStore|x86.ActiveCfg = Debug|Any CPU
		{2F4BA0E6-8643-4A63-89CD-634B3A4A4634}.AppStore|x86.Build.0 = Debug|Any CPU
		{2F4BA0E6-8643-4A63-89CD-634B3A4A4634}.AppStore|x86.Deploy.0 = Debug|Any CPU
		{2F4BA0E6-8643-4A63-89CD-634B3A4A4634}.Debug|Any CPU.ActiveCfg = Debug|Any CPU
		{2F4BA0E6-8643-4A63-89CD-634B3A4A4634}.Debug|Any CPU.Build.0 = Debug|Any CPU
		{2F4BA0E6-8643-4A63-89CD-634B3A4A4634}.Debug|Any CPU.Deploy.0 = Debug|Any CPU
		{2F4BA0E6-8643-4A63-89CD-634B3A4A4634}.Debug|ARM.ActiveCfg = Debug|Any CPU
		{2F4BA0E6-8643-4A63-89CD-634B3A4A4634}.Debug|ARM.Build.0 = Debug|Any CPU
		{2F4BA0E6-8643-4A63-89CD-634B3A4A4634}.Debug|ARM.Deploy.0 = Debug|Any CPU
		{2F4BA0E6-8643-4A63-89CD-634B3A4A4634}.Debug|iPhone.ActiveCfg = Debug|Any CPU
		{2F4BA0E6-8643-4A63-89CD-634B3A4A4634}.Debug|iPhone.Build.0 = Debug|Any CPU
		{2F4BA0E6-8643-4A63-89CD-634B3A4A4634}.Debug|iPhone.Deploy.0 = Debug|Any CPU
		{2F4BA0E6-8643-4A63-89CD-634B3A4A4634}.Debug|iPhoneSimulator.ActiveCfg = Debug|Any CPU
		{2F4BA0E6-8643-4A63-89CD-634B3A4A4634}.Debug|iPhoneSimulator.Build.0 = Debug|Any CPU
		{2F4BA0E6-8643-4A63-89CD-634B3A4A4634}.Debug|iPhoneSimulator.Deploy.0 = Debug|Any CPU
		{2F4BA0E6-8643-4A63-89CD-634B3A4A4634}.Debug|x64.ActiveCfg = Debug|Any CPU
		{2F4BA0E6-8643-4A63-89CD-634B3A4A4634}.Debug|x64.Build.0 = Debug|Any CPU
		{2F4BA0E6-8643-4A63-89CD-634B3A4A4634}.Debug|x64.Deploy.0 = Debug|Any CPU
		{2F4BA0E6-8643-4A63-89CD-634B3A4A4634}.Debug|x86.ActiveCfg = Debug|Any CPU
		{2F4BA0E6-8643-4A63-89CD-634B3A4A4634}.Debug|x86.Build.0 = Debug|Any CPU
		{2F4BA0E6-8643-4A63-89CD-634B3A4A4634}.Debug|x86.Deploy.0 = Debug|Any CPU
		{2F4BA0E6-8643-4A63-89CD-634B3A4A4634}.Release|Any CPU.ActiveCfg = Release|Any CPU
		{2F4BA0E6-8643-4A63-89CD-634B3A4A4634}.Release|Any CPU.Build.0 = Release|Any CPU
		{2F4BA0E6-8643-4A63-89CD-634B3A4A4634}.Release|Any CPU.Deploy.0 = Release|Any CPU
		{2F4BA0E6-8643-4A63-89CD-634B3A4A4634}.Release|ARM.ActiveCfg = Release|Any CPU
		{2F4BA0E6-8643-4A63-89CD-634B3A4A4634}.Release|ARM.Build.0 = Release|Any CPU
		{2F4BA0E6-8643-4A63-89CD-634B3A4A4634}.Release|ARM.Deploy.0 = Release|Any CPU
		{2F4BA0E6-8643-4A63-89CD-634B3A4A4634}.Release|iPhone.ActiveCfg = Release|Any CPU
		{2F4BA0E6-8643-4A63-89CD-634B3A4A4634}.Release|iPhone.Build.0 = Release|Any CPU
		{2F4BA0E6-8643-4A63-89CD-634B3A4A4634}.Release|iPhone.Deploy.0 = Release|Any CPU
		{2F4BA0E6-8643-4A63-89CD-634B3A4A4634}.Release|iPhoneSimulator.ActiveCfg = Release|Any CPU
		{2F4BA0E6-8643-4A63-89CD-634B3A4A4634}.Release|iPhoneSimulator.Build.0 = Release|Any CPU
		{2F4BA0E6-8643-4A63-89CD-634B3A4A4634}.Release|iPhoneSimulator.Deploy.0 = Release|Any CPU
		{2F4BA0E6-8643-4A63-89CD-634B3A4A4634}.Release|x64.ActiveCfg = Release|Any CPU
		{2F4BA0E6-8643-4A63-89CD-634B3A4A4634}.Release|x64.Build.0 = Release|Any CPU
		{2F4BA0E6-8643-4A63-89CD-634B3A4A4634}.Release|x64.Deploy.0 = Release|Any CPU
		{2F4BA0E6-8643-4A63-89CD-634B3A4A4634}.Release|x86.ActiveCfg = Release|Any CPU
		{2F4BA0E6-8643-4A63-89CD-634B3A4A4634}.Release|x86.Build.0 = Release|Any CPU
		{2F4BA0E6-8643-4A63-89CD-634B3A4A4634}.Release|x86.Deploy.0 = Release|Any CPU
	EndGlobalSection
	GlobalSection(SolutionProperties) = preSolution
		HideSolutionNode = FALSE
	EndGlobalSection
	GlobalSection(ExtensibilityGlobals) = postSolution
		SolutionGuid = {4C2EF1DD-E93C-42F3-A986-EDCEDB007CA1}
	EndGlobalSection
EndGlobal
